
Microsoft Visual Studio Solution File, Format Version 12.00
# Visual Studio Version 17
VisualStudioVersion = 17.11.35303.130
MinimumVisualStudioVersion = 10.0.40219.1
Project("{2150E333-8FDC-42A3-9474-1A3956D46DE8}") = "Task0", "Task0", "{E27C64B0-65DD-4A8C-BB40-D41FE2EC8EB8}"
EndProject
Project("{9A19103F-16F7-4668-BE54-9A1E7A4F7556}") = "Tyuiu.KomarovaMV.Sprint4.Task0.V20", "Tyuiu.KomarovaMV.Sprint4.Task0.V20\Tyuiu.KomarovaMV.Sprint4.Task0.V20.csproj", "{85DC0EB7-A991-45D0-BBD2-4213C689D888}"
EndProject
Project("{9A19103F-16F7-4668-BE54-9A1E7A4F7556}") = "Tyuiu.KomarovaMV.Sprint4.Task0.V20.Lib", "Tyuiu.KomarovaMV.Sprint4.Task0.V20.Lib\Tyuiu.KomarovaMV.Sprint4.Task0.V20.Lib.csproj", "{CEECEDD6-85B1-41C3-BA1B-917D6FAAD2B1}"
EndProject
Project("{9A19103F-16F7-4668-BE54-9A1E7A4F7556}") = "Tyuiu.KomarovaMV.Sprint4.Task0.V20.Test", "Tyuiu.KomarovaMV.Sprint4.Task0.V20.Test\Tyuiu.KomarovaMV.Sprint4.Task0.V20.Test.csproj", "{C3CCF37B-F0E0-4526-8C33-B48B0E56748A}"
EndProject
Project("{2150E333-8FDC-42A3-9474-1A3956D46DE8}") = "Task1", "Task1", "{333420F5-1BA9-45F9-B1DB-3733A3C1BD98}"
EndProject
Project("{9A19103F-16F7-4668-BE54-9A1E7A4F7556}") = "Tyuiu.KomarovaMV.Sprint4.Task1.V28", "Tyuiu.KomarovaMV.Sprint4.Task1.V28\Tyuiu.KomarovaMV.Sprint4.Task1.V28.csproj", "{EC4C1F16-D982-497B-90BB-18B9C70342BA}"
EndProject
Project("{9A19103F-16F7-4668-BE54-9A1E7A4F7556}") = "Tyuiu.KomarovaMV.Sprint4.Task1.V28.Lib", "Tyuiu.KomarovaMV.Sprint4.Task1.V28.Lib\Tyuiu.KomarovaMV.Sprint4.Task1.V28.Lib.csproj", "{A34C3E50-8EB5-408F-9554-7837883DDC15}"
EndProject
Project("{9A19103F-16F7-4668-BE54-9A1E7A4F7556}") = "Tyuiu.KomarovaMV.Sprint4.Task1.V28.Test", "Tyuiu.KomarovaMV.Sprint4.Task1.V28.Test\Tyuiu.KomarovaMV.Sprint4.Task1.V28.Test.csproj", "{25C67A73-D55D-4594-82F2-DBBA486AF676}"
EndProject
Project("{2150E333-8FDC-42A3-9474-1A3956D46DE8}") = "Task2", "Task2", "{61CA342D-3554-49B5-A868-1FCE3AEC5BB6}"
EndProject
Project("{9A19103F-16F7-4668-BE54-9A1E7A4F7556}") = "Tyuiu.KomarovaMV.Sprint4.Task2.V22", "Tyuiu.KomarovaMV.Sprint4.Task2.V22\Tyuiu.KomarovaMV.Sprint4.Task2.V22.csproj", "{0906E3C5-912A-4F25-8047-FC5394A0567F}"
EndProject
Project("{9A19103F-16F7-4668-BE54-9A1E7A4F7556}") = "Tyuiu.KomarovaMV.Sprint4.Task2.V22.Lib", "Tyuiu.KomarovaMV.Sprint4.Task2.V22.Lib\Tyuiu.KomarovaMV.Sprint4.Task2.V22.Lib.csproj", "{B247BE5D-0CA8-49D3-A874-ADC2E7266747}"
EndProject
Project("{9A19103F-16F7-4668-BE54-9A1E7A4F7556}") = "Tyuiu.KomarovaMV.Sprint4.Task2.V22.Test", "Tyuiu.KomarovaMV.Sprint4.Task2.V22.Test\Tyuiu.KomarovaMV.Sprint4.Task2.V22.Test.csproj", "{C16B1F9B-276B-479A-BA65-0536863609D9}"
EndProject
Project("{2150E333-8FDC-42A3-9474-1A3956D46DE8}") = "Task3", "Task3", "{6E6D9EC4-5800-41D1-90DB-093771A4E1CC}"
EndProject
Project("{9A19103F-16F7-4668-BE54-9A1E7A4F7556}") = "Tyuiu.KomarovaMV.Sprint4.Task3.V22", "Tyuiu.KomarovaMV.Sprint4.Task3.V22\Tyuiu.KomarovaMV.Sprint4.Task3.V22.csproj", "{9DB8F7C7-4263-4B52-86AB-5AA5E5E938BC}"
EndProject
Project("{9A19103F-16F7-4668-BE54-9A1E7A4F7556}") = "Tyuiu.KomarovaMV.Sprint4.Task3.V22.Lib", "Tyuiu.KomarovaMV.Sprint4.Task3.V22.Lib\Tyuiu.KomarovaMV.Sprint4.Task3.V22.Lib.csproj", "{A97483EA-F32D-49C6-AB47-9D8119F63388}"
EndProject
Project("{9A19103F-16F7-4668-BE54-9A1E7A4F7556}") = "Tyuiu.KomarovaMV.Sprint4.Task3.V22.Test", "Tyuiu.KomarovaMV.Sprint4.Task3.V22.Test\Tyuiu.KomarovaMV.Sprint4.Task3.V22.Test.csproj", "{A9B7B9E4-1287-424F-B636-F5406F3C0622}"
EndProject
Project("{2150E333-8FDC-42A3-9474-1A3956D46DE8}") = "Task4", "Task4", "{5E1442E6-F6F1-4CA8-9999-24E76FCEA53A}"
EndProject
Project("{9A19103F-16F7-4668-BE54-9A1E7A4F7556}") = "Tyuiu.KomarovaMV.Sprint4.Task4.V7.Lib", "Tyuiu.KomarovaMV.Sprint4.Task4.V7.Lib\Tyuiu.KomarovaMV.Sprint4.Task4.V7.Lib.csproj", "{03E16BF7-454D-4122-873A-D10024C445FC}"
EndProject
Project("{9A19103F-16F7-4668-BE54-9A1E7A4F7556}") = "Tyuiu.KomarovaMV.Sprint4.Task4.V7.Test", "Tyuiu.KomarovaMV.Sprint4.Task4.V7.Test\Tyuiu.KomarovaMV.Sprint4.Task4.V7.Test.csproj", "{2690B6AC-4F5C-407F-8BF3-55D49A8CCB9C}"
EndProject
Project("{9A19103F-16F7-4668-BE54-9A1E7A4F7556}") = "Tyuiu.KomarovaMV.Sprint4.Task4.V7", "Tyuiu.KomarovaMV.Sprint4.Task4.V7\Tyuiu.KomarovaMV.Sprint4.Task4.V7.csproj", "{D4C7173A-81D0-487A-8C2E-2BD4906A7A93}"
EndProject
Project("{2150E333-8FDC-42A3-9474-1A3956D46DE8}") = "Task5", "Task5", "{BDAB176F-35BE-41BC-85A2-D028D3B7F6DC}"
EndProject
Project("{9A19103F-16F7-4668-BE54-9A1E7A4F7556}") = "Tyuiu.KomarovaMV.Sprint4.Task5.V13", "Tyuiu.KomarovaMV.Sprint4.Task5.V13\Tyuiu.KomarovaMV.Sprint4.Task5.V13.csproj", "{3DBACDD0-6ACB-40D6-A3A5-161E323F9C8F}"
EndProject
Project("{9A19103F-16F7-4668-BE54-9A1E7A4F7556}") = "Tyuiu.KomarovaMV.Sprint4.Task5.V13.Lib", "Tyuiu.KomarovaMV.Sprint4.Task5.V13.Lib\Tyuiu.KomarovaMV.Sprint4.Task5.V13.Lib.csproj", "{7D5AA5BD-4589-4528-8B7A-19C3A2AC3AD5}"
EndProject
Project("{9A19103F-16F7-4668-BE54-9A1E7A4F7556}") = "Tyuiu.KomarovaMV.Sprint4.Task5.V13.Test", "Tyuiu.KomarovaMV.Sprint4.Task5.V13.Test\Tyuiu.KomarovaMV.Sprint4.Task5.V13.Test.csproj", "{D4787CA7-4B76-409C-8E72-1F386D7C9833}"
EndProject
Project("{2150E333-8FDC-42A3-9474-1A3956D46DE8}") = "Task6", "Task6", "{0C80933A-E896-4FD0-9117-50BFF7530C8D}"
EndProject
Project("{FAE04EC0-301F-11D3-BF4B-00C04F79EFBC}") = "Tyuiu.KomarovaMV.Sprint4.Task6.V10", "Tyuiu.KomarovaMV.Sprint4.Task6.V10\Tyuiu.KomarovaMV.Sprint4.Task6.V10.csproj", "{B719A3CD-18AF-425F-AC93-2DD41D0974B9}"
EndProject
Project("{FAE04EC0-301F-11D3-BF4B-00C04F79EFBC}") = "Tyuiu.KomarovaMV.Sprint4.Task6.V10.Lib", "Tyuiu.KomarovaMV.Sprint4.Task6.V10.Lib\Tyuiu.KomarovaMV.Sprint4.Task6.V10.Lib.csproj", "{A14728D5-22DD-43DA-AB43-9DCA4E664575}"
EndProject
Project("{FAE04EC0-301F-11D3-BF4B-00C04F79EFBC}") = "Tyuiu.KomarovaMV.Sprint4.Task6.V10.Test", "Tyuiu.KomarovaMV.Sprint4.Task6.V10.Test\Tyuiu.KomarovaMV.Sprint4.Task6.V10.Test.csproj", "{E99FB111-2AB7-4DB0-979D-128A21F43927}"
EndProject
Project("{2150E333-8FDC-42A3-9474-1A3956D46DE8}") = "Task7", "Task7", "{F2D7D8FC-110A-4E11-9A33-6CCA6DAA3812}"
EndProject
Project("{FAE04EC0-301F-11D3-BF4B-00C04F79EFBC}") = "Tyuiu.KomarovaMV.Sprint4.Task7.V20", "Tyuiu.KomarovaMV.Sprint4.Task7.V20\Tyuiu.KomarovaMV.Sprint4.Task7.V20.csproj", "{FC0B9D8B-BC00-4CB3-95B8-19FF87F8F475}"
EndProject
Project("{FAE04EC0-301F-11D3-BF4B-00C04F79EFBC}") = "Tyuiu.KomarovaMV.Sprint4.Task7.V20.Lib", "Tyuiu.KomarovaMV.Sprint4.Task7.V20.Lib\Tyuiu.KomarovaMV.Sprint4.Task7.V20.Lib.csproj", "{A629B2D0-2A08-43C1-A973-9AE6D80CD5B2}"
EndProject
Project("{FAE04EC0-301F-11D3-BF4B-00C04F79EFBC}") = "Tyuiu.KomarovaMV.Sprint4.Task7.V20.Test", "Tyuiu.KomarovaMV.Sprint4.Task7.V20.Test\Tyuiu.KomarovaMV.Sprint4.Task7.V20.Test.csproj", "{09BA7353-74B0-4A3F-8205-8CC228CB4F7E}"
EndProject
Global
	GlobalSection(SolutionConfigurationPlatforms) = preSolution
		Debug|Any CPU = Debug|Any CPU
		Release|Any CPU = Release|Any CPU
	EndGlobalSection
	GlobalSection(ProjectConfigurationPlatforms) = postSolution
		{85DC0EB7-A991-45D0-BBD2-4213C689D888}.Debug|Any CPU.ActiveCfg = Debug|Any CPU
		{85DC0EB7-A991-45D0-BBD2-4213C689D888}.Debug|Any CPU.Build.0 = Debug|Any CPU
		{85DC0EB7-A991-45D0-BBD2-4213C689D888}.Release|Any CPU.ActiveCfg = Release|Any CPU
		{85DC0EB7-A991-45D0-BBD2-4213C689D888}.Release|Any CPU.Build.0 = Release|Any CPU
		{CEECEDD6-85B1-41C3-BA1B-917D6FAAD2B1}.Debug|Any CPU.ActiveCfg = Debug|Any CPU
		{CEECEDD6-85B1-41C3-BA1B-917D6FAAD2B1}.Debug|Any CPU.Build.0 = Debug|Any CPU
		{CEECEDD6-85B1-41C3-BA1B-917D6FAAD2B1}.Release|Any CPU.ActiveCfg = Release|Any CPU
		{CEECEDD6-85B1-41C3-BA1B-917D6FAAD2B1}.Release|Any CPU.Build.0 = Release|Any CPU
		{C3CCF37B-F0E0-4526-8C33-B48B0E56748A}.Debug|Any CPU.ActiveCfg = Debug|Any CPU
		{C3CCF37B-F0E0-4526-8C33-B48B0E56748A}.Debug|Any CPU.Build.0 = Debug|Any CPU
		{C3CCF37B-F0E0-4526-8C33-B48B0E56748A}.Release|Any CPU.ActiveCfg = Release|Any CPU
		{C3CCF37B-F0E0-4526-8C33-B48B0E56748A}.Release|Any CPU.Build.0 = Release|Any CPU
		{EC4C1F16-D982-497B-90BB-18B9C70342BA}.Debug|Any CPU.ActiveCfg = Debug|Any CPU
		{EC4C1F16-D982-497B-90BB-18B9C70342BA}.Debug|Any CPU.Build.0 = Debug|Any CPU
		{EC4C1F16-D982-497B-90BB-18B9C70342BA}.Release|Any CPU.ActiveCfg = Release|Any CPU
		{EC4C1F16-D982-497B-90BB-18B9C70342BA}.Release|Any CPU.Build.0 = Release|Any CPU
		{A34C3E50-8EB5-408F-9554-7837883DDC15}.Debug|Any CPU.ActiveCfg = Debug|Any CPU
		{A34C3E50-8EB5-408F-9554-7837883DDC15}.Debug|Any CPU.Build.0 = Debug|Any CPU
		{A34C3E50-8EB5-408F-9554-7837883DDC15}.Release|Any CPU.ActiveCfg = Release|Any CPU
		{A34C3E50-8EB5-408F-9554-7837883DDC15}.Release|Any CPU.Build.0 = Release|Any CPU
		{25C67A73-D55D-4594-82F2-DBBA486AF676}.Debug|Any CPU.ActiveCfg = Debug|Any CPU
		{25C67A73-D55D-4594-82F2-DBBA486AF676}.Debug|Any CPU.Build.0 = Debug|Any CPU
		{25C67A73-D55D-4594-82F2-DBBA486AF676}.Release|Any CPU.ActiveCfg = Release|Any CPU
		{25C67A73-D55D-4594-82F2-DBBA486AF676}.Release|Any CPU.Build.0 = Release|Any CPU
		{0906E3C5-912A-4F25-8047-FC5394A0567F}.Debug|Any CPU.ActiveCfg = Debug|Any CPU
		{0906E3C5-912A-4F25-8047-FC5394A0567F}.Debug|Any CPU.Build.0 = Debug|Any CPU
		{0906E3C5-912A-4F25-8047-FC5394A0567F}.Release|Any CPU.ActiveCfg = Release|Any CPU
		{0906E3C5-912A-4F25-8047-FC5394A0567F}.Release|Any CPU.Build.0 = Release|Any CPU
		{B247BE5D-0CA8-49D3-A874-ADC2E7266747}.Debug|Any CPU.ActiveCfg = Debug|Any CPU
		{B247BE5D-0CA8-49D3-A874-ADC2E7266747}.Debug|Any CPU.Build.0 = Debug|Any CPU
		{B247BE5D-0CA8-49D3-A874-ADC2E7266747}.Release|Any CPU.ActiveCfg = Release|Any CPU
		{B247BE5D-0CA8-49D3-A874-ADC2E7266747}.Release|Any CPU.Build.0 = Release|Any CPU
		{C16B1F9B-276B-479A-BA65-0536863609D9}.Debug|Any CPU.ActiveCfg = Debug|Any CPU
		{C16B1F9B-276B-479A-BA65-0536863609D9}.Debug|Any CPU.Build.0 = Debug|Any CPU
		{C16B1F9B-276B-479A-BA65-0536863609D9}.Release|Any CPU.ActiveCfg = Release|Any CPU
		{C16B1F9B-276B-479A-BA65-0536863609D9}.Release|Any CPU.Build.0 = Release|Any CPU
		{9DB8F7C7-4263-4B52-86AB-5AA5E5E938BC}.Debug|Any CPU.ActiveCfg = Debug|Any CPU
		{9DB8F7C7-4263-4B52-86AB-5AA5E5E938BC}.Debug|Any CPU.Build.0 = Debug|Any CPU
		{9DB8F7C7-4263-4B52-86AB-5AA5E5E938BC}.Release|Any CPU.ActiveCfg = Release|Any CPU
		{9DB8F7C7-4263-4B52-86AB-5AA5E5E938BC}.Release|Any CPU.Build.0 = Release|Any CPU
		{A97483EA-F32D-49C6-AB47-9D8119F63388}.Debug|Any CPU.ActiveCfg = Debug|Any CPU
		{A97483EA-F32D-49C6-AB47-9D8119F63388}.Debug|Any CPU.Build.0 = Debug|Any CPU
		{A97483EA-F32D-49C6-AB47-9D8119F63388}.Release|Any CPU.ActiveCfg = Release|Any CPU
		{A97483EA-F32D-49C6-AB47-9D8119F63388}.Release|Any CPU.Build.0 = Release|Any CPU
		{A9B7B9E4-1287-424F-B636-F5406F3C0622}.Debug|Any CPU.ActiveCfg = Debug|Any CPU
		{A9B7B9E4-1287-424F-B636-F5406F3C0622}.Debug|Any CPU.Build.0 = Debug|Any CPU
		{A9B7B9E4-1287-424F-B636-F5406F3C0622}.Release|Any CPU.ActiveCfg = Release|Any CPU
		{A9B7B9E4-1287-424F-B636-F5406F3C0622}.Release|Any CPU.Build.0 = Release|Any CPU
		{03E16BF7-454D-4122-873A-D10024C445FC}.Debug|Any CPU.ActiveCfg = Debug|Any CPU
		{03E16BF7-454D-4122-873A-D10024C445FC}.Debug|Any CPU.Build.0 = Debug|Any CPU
		{03E16BF7-454D-4122-873A-D10024C445FC}.Release|Any CPU.ActiveCfg = Release|Any CPU
		{03E16BF7-454D-4122-873A-D10024C445FC}.Release|Any CPU.Build.0 = Release|Any CPU
		{2690B6AC-4F5C-407F-8BF3-55D49A8CCB9C}.Debug|Any CPU.ActiveCfg = Debug|Any CPU
		{2690B6AC-4F5C-407F-8BF3-55D49A8CCB9C}.Debug|Any CPU.Build.0 = Debug|Any CPU
		{2690B6AC-4F5C-407F-8BF3-55D49A8CCB9C}.Release|Any CPU.ActiveCfg = Release|Any CPU
		{2690B6AC-4F5C-407F-8BF3-55D49A8CCB9C}.Release|Any CPU.Build.0 = Release|Any CPU
		{D4C7173A-81D0-487A-8C2E-2BD4906A7A93}.Debug|Any CPU.ActiveCfg = Debug|Any CPU
		{D4C7173A-81D0-487A-8C2E-2BD4906A7A93}.Debug|Any CPU.Build.0 = Debug|Any CPU
		{D4C7173A-81D0-487A-8C2E-2BD4906A7A93}.Release|Any CPU.ActiveCfg = Release|Any CPU
		{D4C7173A-81D0-487A-8C2E-2BD4906A7A93}.Release|Any CPU.Build.0 = Release|Any CPU
		{3DBACDD0-6ACB-40D6-A3A5-161E323F9C8F}.Debug|Any CPU.ActiveCfg = Debug|Any CPU
		{3DBACDD0-6ACB-40D6-A3A5-161E323F9C8F}.Debug|Any CPU.Build.0 = Debug|Any CPU
		{3DBACDD0-6ACB-40D6-A3A5-161E323F9C8F}.Release|Any CPU.ActiveCfg = Release|Any CPU
		{3DBACDD0-6ACB-40D6-A3A5-161E323F9C8F}.Release|Any CPU.Build.0 = Release|Any CPU
		{7D5AA5BD-4589-4528-8B7A-19C3A2AC3AD5}.Debug|Any CPU.ActiveCfg = Debug|Any CPU
		{7D5AA5BD-4589-4528-8B7A-19C3A2AC3AD5}.Debug|Any CPU.Build.0 = Debug|Any CPU
		{7D5AA5BD-4589-4528-8B7A-19C3A2AC3AD5}.Release|Any CPU.ActiveCfg = Release|Any CPU
		{7D5AA5BD-4589-4528-8B7A-19C3A2AC3AD5}.Release|Any CPU.Build.0 = Release|Any CPU
		{D4787CA7-4B76-409C-8E72-1F386D7C9833}.Debug|Any CPU.ActiveCfg = Debug|Any CPU
		{D4787CA7-4B76-409C-8E72-1F386D7C9833}.Debug|Any CPU.Build.0 = Debug|Any CPU
		{D4787CA7-4B76-409C-8E72-1F386D7C9833}.Release|Any CPU.ActiveCfg = Release|Any CPU
		{D4787CA7-4B76-409C-8E72-1F386D7C9833}.Release|Any CPU.Build.0 = Release|Any CPU
		{B719A3CD-18AF-425F-AC93-2DD41D0974B9}.Debug|Any CPU.ActiveCfg = Debug|Any CPU
		{B719A3CD-18AF-425F-AC93-2DD41D0974B9}.Debug|Any CPU.Build.0 = Debug|Any CPU
		{B719A3CD-18AF-425F-AC93-2DD41D0974B9}.Release|Any CPU.ActiveCfg = Release|Any CPU
		{B719A3CD-18AF-425F-AC93-2DD41D0974B9}.Release|Any CPU.Build.0 = Release|Any CPU
		{A14728D5-22DD-43DA-AB43-9DCA4E664575}.Debug|Any CPU.ActiveCfg = Debug|Any CPU
		{A14728D5-22DD-43DA-AB43-9DCA4E664575}.Debug|Any CPU.Build.0 = Debug|Any CPU
		{A14728D5-22DD-43DA-AB43-9DCA4E664575}.Release|Any CPU.ActiveCfg = Release|Any CPU
		{A14728D5-22DD-43DA-AB43-9DCA4E664575}.Release|Any CPU.Build.0 = Release|Any CPU
		{E99FB111-2AB7-4DB0-979D-128A21F43927}.Debug|Any CPU.ActiveCfg = Debug|Any CPU
		{E99FB111-2AB7-4DB0-979D-128A21F43927}.Debug|Any CPU.Build.0 = Debug|Any CPU
		{E99FB111-2AB7-4DB0-979D-128A21F43927}.Release|Any CPU.ActiveCfg = Release|Any CPU
		{E99FB111-2AB7-4DB0-979D-128A21F43927}.Release|Any CPU.Build.0 = Release|Any CPU
		{FC0B9D8B-BC00-4CB3-95B8-19FF87F8F475}.Debug|Any CPU.ActiveCfg = Debug|Any CPU
		{FC0B9D8B-BC00-4CB3-95B8-19FF87F8F475}.Debug|Any CPU.Build.0 = Debug|Any CPU
		{FC0B9D8B-BC00-4CB3-95B8-19FF87F8F475}.Release|Any CPU.ActiveCfg = Release|Any CPU
		{FC0B9D8B-BC00-4CB3-95B8-19FF87F8F475}.Release|Any CPU.Build.0 = Release|Any CPU
		{A629B2D0-2A08-43C1-A973-9AE6D80CD5B2}.Debug|Any CPU.ActiveCfg = Debug|Any CPU
		{A629B2D0-2A08-43C1-A973-9AE6D80CD5B2}.Debug|Any CPU.Build.0 = Debug|Any CPU
		{A629B2D0-2A08-43C1-A973-9AE6D80CD5B2}.Release|Any CPU.ActiveCfg = Release|Any CPU
		{A629B2D0-2A08-43C1-A973-9AE6D80CD5B2}.Release|Any CPU.Build.0 = Release|Any CPU
		{09BA7353-74B0-4A3F-8205-8CC228CB4F7E}.Debug|Any CPU.ActiveCfg = Debug|Any CPU
		{09BA7353-74B0-4A3F-8205-8CC228CB4F7E}.Debug|Any CPU.Build.0 = Debug|Any CPU
		{09BA7353-74B0-4A3F-8205-8CC228CB4F7E}.Release|Any CPU.ActiveCfg = Release|Any CPU
		{09BA7353-74B0-4A3F-8205-8CC228CB4F7E}.Release|Any CPU.Build.0 = Release|Any CPU
	EndGlobalSection
	GlobalSection(SolutionProperties) = preSolution
		HideSolutionNode = FALSE
	EndGlobalSection
	GlobalSection(NestedProjects) = preSolution
		{85DC0EB7-A991-45D0-BBD2-4213C689D888} = {E27C64B0-65DD-4A8C-BB40-D41FE2EC8EB8}
		{CEECEDD6-85B1-41C3-BA1B-917D6FAAD2B1} = {E27C64B0-65DD-4A8C-BB40-D41FE2EC8EB8}
		{C3CCF37B-F0E0-4526-8C33-B48B0E56748A} = {E27C64B0-65DD-4A8C-BB40-D41FE2EC8EB8}
		{EC4C1F16-D982-497B-90BB-18B9C70342BA} = {333420F5-1BA9-45F9-B1DB-3733A3C1BD98}
		{A34C3E50-8EB5-408F-9554-7837883DDC15} = {333420F5-1BA9-45F9-B1DB-3733A3C1BD98}
		{25C67A73-D55D-4594-82F2-DBBA486AF676} = {333420F5-1BA9-45F9-B1DB-3733A3C1BD98}
		{0906E3C5-912A-4F25-8047-FC5394A0567F} = {61CA342D-3554-49B5-A868-1FCE3AEC5BB6}
		{B247BE5D-0CA8-49D3-A874-ADC2E7266747} = {61CA342D-3554-49B5-A868-1FCE3AEC5BB6}
		{C16B1F9B-276B-479A-BA65-0536863609D9} = {61CA342D-3554-49B5-A868-1FCE3AEC5BB6}
		{9DB8F7C7-4263-4B52-86AB-5AA5E5E938BC} = {6E6D9EC4-5800-41D1-90DB-093771A4E1CC}
		{A97483EA-F32D-49C6-AB47-9D8119F63388} = {6E6D9EC4-5800-41D1-90DB-093771A4E1CC}
		{A9B7B9E4-1287-424F-B636-F5406F3C0622} = {6E6D9EC4-5800-41D1-90DB-093771A4E1CC}
		{03E16BF7-454D-4122-873A-D10024C445FC} = {5E1442E6-F6F1-4CA8-9999-24E76FCEA53A}
		{2690B6AC-4F5C-407F-8BF3-55D49A8CCB9C} = {5E1442E6-F6F1-4CA8-9999-24E76FCEA53A}
		{D4C7173A-81D0-487A-8C2E-2BD4906A7A93} = {5E1442E6-F6F1-4CA8-9999-24E76FCEA53A}
		{3DBACDD0-6ACB-40D6-A3A5-161E323F9C8F} = {BDAB176F-35BE-41BC-85A2-D028D3B7F6DC}
		{7D5AA5BD-4589-4528-8B7A-19C3A2AC3AD5} = {BDAB176F-35BE-41BC-85A2-D028D3B7F6DC}
		{D4787CA7-4B76-409C-8E72-1F386D7C9833} = {BDAB176F-35BE-41BC-85A2-D028D3B7F6DC}
		{B719A3CD-18AF-425F-AC93-2DD41D0974B9} = {0C80933A-E896-4FD0-9117-50BFF7530C8D}
		{A14728D5-22DD-43DA-AB43-9DCA4E664575} = {0C80933A-E896-4FD0-9117-50BFF7530C8D}
		{E99FB111-2AB7-4DB0-979D-128A21F43927} = {0C80933A-E896-4FD0-9117-50BFF7530C8D}
		{FC0B9D8B-BC00-4CB3-95B8-19FF87F8F475} = {F2D7D8FC-110A-4E11-9A33-6CCA6DAA3812}
		{A629B2D0-2A08-43C1-A973-9AE6D80CD5B2} = {F2D7D8FC-110A-4E11-9A33-6CCA6DAA3812}
		{09BA7353-74B0-4A3F-8205-8CC228CB4F7E} = {F2D7D8FC-110A-4E11-9A33-6CCA6DAA3812}
	EndGlobalSection
	GlobalSection(ExtensibilityGlobals) = postSolution
		SolutionGuid = {F58D4C2C-05ED-4FD3-AF86-82BA58D0338C}
	EndGlobalSection
EndGlobal
